// !$*UTF8*$!
{
	archiveVersion = 1;
	classes = {
	};
	objectVersion = 77;
	objects = {

/* Begin PBXContainerItemProxy section */
		986F24B42E9F4A8C00547CBA /* PBXContainerItemProxy */ = {
			isa = PBXContainerItemProxy;
			containerPortal = 986F249E2E9F4A8B00547CBA /* Project object */;
			proxyType = 1;
			remoteGlobalIDString = 986F24A52E9F4A8B00547CBA;
			remoteInfo = HandDetectionToucApp;
		};
		986F24BE2E9F4A8C00547CBA /* PBXContainerItemProxy */ = {
			isa = PBXContainerItemProxy;
			containerPortal = 986F249E2E9F4A8B00547CBA /* Project object */;
			proxyType = 1;
			remoteGlobalIDString = 986F24A52E9F4A8B00547CBA;
			remoteInfo = HandDetectionToucApp;
		};
/* End PBXContainerItemProxy section */

/* Begin PBXFileReference section */
		986F24A62E9F4A8B00547CBA /* HandDetectionToucApp.app */ = {isa = PBXFileReference; explicitFileType = wrapper.application; includeInIndex = 0; path = HandDetectionToucApp.app; sourceTree = BUILT_PRODUCTS_DIR; };
		986F24B32E9F4A8C00547CBA /* HandDetectionToucAppTests.xctest */ = {isa = PBXFileReference; explicitFileType = wrapper.cfbundle; includeInIndex = 0; path = HandDetectionToucAppTests.xctest; sourceTree = BUILT_PRODUCTS_DIR; };
		986F24BD2E9F4A8C00547CBA /* HandDetectionToucAppUITests.xctest */ = {isa = PBXFileReference; explicitFileType = wrapper.cfbundle; includeInIndex = 0; path = HandDetectionToucAppUITests.xctest; sourceTree = BUILT_PRODUCTS_DIR; };
/* End PBXFileReference section */

/* Begin PBXFileSystemSynchronizedBuildFileExceptionSet section */
		986F24D12E9F4BBB00547CBA /* Exceptions for "HandDetectionToucApp" folder in "HandDetectionToucApp" target */ = {
			isa = PBXFileSystemSynchronizedBuildFileExceptionSet;
			membershipExceptions = (
				Info.plist,
			);
			target = 986F24A52E9F4A8B00547CBA /* HandDetectionToucApp */;
		};
/* End PBXFileSystemSynchronizedBuildFileExceptionSet section */

/* Begin PBXFileSystemSynchronizedRootGroup section */
		986F24A82E9F4A8B00547CBA /* HandDetectionToucApp */ = {
			isa = PBXFileSystemSynchronizedRootGroup;
			exceptions = (
				986F24D12E9F4BBB00547CBA /* Exceptions for "HandDetectionToucApp" folder in "HandDetectionToucApp" target */,
			);
			path = HandDetectionToucApp;
			sourceTree = "<group>";
		};
		986F24B62E9F4A8C00547CBA /* HandDetectionToucAppTests */ = {
			isa = PBXFileSystemSynchronizedRootGroup;
			path = HandDetectionToucAppTests;
			sourceTree = "<group>";
		};
		986F24C02E9F4A8C00547CBA /* HandDetectionToucAppUITests */ = {
			isa = PBXFileSystemSynchronizedRootGroup;
			path = HandDetectionToucAppUITests;
			sourceTree = "<group>";
		};
/* End PBXFileSystemSynchronizedRootGroup section */

/* Begin PBXFrameworksBuildPhase section */
		986F24A32E9F4A8B00547CBA /* Frameworks */ = {
			isa = PBXFrameworksBuildPhase;
			buildActionMask = 2147483647;
			files = (
			);
			runOnlyForDeploymentPostprocessing = 0;
		};
		986F24B02E9F4A8C00547CBA /* Frameworks */ = {
			isa = PBXFrameworksBuildPhase;
			buildActionMask = 2147483647;
			files = (
			);
			runOnlyForDeploymentPostprocessing = 0;
		};
		986F24BA2E9F4A8C00547CBA /* Frameworks */ = {
			isa = PBXFrameworksBuildPhase;
			buildActionMask = 2147483647;
			files = (
			);
			runOnlyForDeploymentPostprocessing = 0;
		};
/* End PBXFrameworksBuildPhase section */

/* Begin PBXGroup section */
		986F249D2E9F4A8B00547CBA = {
			isa = PBXGroup;
			children = (
				986F24A82E9F4A8B00547CBA /* HandDetectionToucApp */,
				986F24B62E9F4A8C00547CBA /* HandDetectionToucAppTests */,
				986F24C02E9F4A8C00547CBA /* HandDetectionToucAppUITests */,
				986F24A72E9F4A8B00547CBA /* Products */,
			);
			sourceTree = "<group>";
		};
		986F24A72E9F4A8B00547CBA /* Products */ = {
			isa = PBXGroup;
			children = (
				986F24A62E9F4A8B00547CBA /* HandDetectionToucApp.app */,
				986F24B32E9F4A8C00547CBA /* HandDetectionToucAppTests.xctest */,
				986F24BD2E9F4A8C00547CBA /* HandDetectionToucAppUITests.xctest */,
			);
			name = Products;
			sourceTree = "<group>";
		};
/* End PBXGroup section */

/* Begin PBXNativeTarget section */
		986F24A52E9F4A8B00547CBA /* HandDetectionToucApp */ = {
			isa = PBXNativeTarget;
			buildConfigurationList = 986F24C72E9F4A8C00547CBA /* Build configuration list for PBXNativeTarget "HandDetectionToucApp" */;
			buildPhases = (
				986F24A22E9F4A8B00547CBA /* Sources */,
				986F24A32E9F4A8B00547CBA /* Frameworks */,
				986F24A42E9F4A8B00547CBA /* Resources */,
			);
			buildRules = (
			);
			dependencies = (
			);
			fileSystemSynchronizedGroups = (
				986F24A82E9F4A8B00547CBA /* HandDetectionToucApp */,
			);
			name = HandDetectionToucApp;
			packageProductDependencies = (
			);
			productName = HandDetectionToucApp;
			productReference = 986F24A62E9F4A8B00547CBA /* HandDetectionToucApp.app */;
			productType = "com.apple.product-type.application";
		};
		986F24B22E9F4A8C00547CBA /* HandDetectionToucAppTests */ = {
			isa = PBXNativeTarget;
			buildConfigurationList = 986F24CA2E9F4A8C00547CBA /* Build configuration list for PBXNativeTarget "HandDetectionToucAppTests" */;
			buildPhases = (
				986F24AF2E9F4A8C00547CBA /* Sources */,
				986F24B02E9F4A8C00547CBA /* Frameworks */,
				986F24B12E9F4A8C00547CBA /* Resources */,
			);
			buildRules = (
			);
			dependencies = (
				986F24B52E9F4A8C00547CBA /* PBXTargetDependency */,
			);
			fileSystemSynchronizedGroups = (
				986F24B62E9F4A8C00547CBA /* HandDetectionToucAppTests */,
			);
			name = HandDetectionToucAppTests;
			packageProductDependencies = (
			);
			productName = HandDetectionToucAppTests;
			productReference = 986F24B32E9F4A8C00547CBA /* HandDetectionToucAppTests.xctest */;
			productType = "com.apple.product-type.bundle.unit-test";
		};
		986F24BC2E9F4A8C00547CBA /* HandDetectionToucAppUITests */ = {
			isa = PBXNativeTarget;
			buildConfigurationList = 986F24CD2E9F4A8C00547CBA /* Build configuration list for PBXNativeTarget "HandDetectionToucAppUITests" */;
			buildPhases = (
				986F24B92E9F4A8C00547CBA /* Sources */,
				986F24BA2E9F4A8C00547CBA /* Frameworks */,
				986F24BB2E9F4A8C00547CBA /* Resources */,
			);
			buildRules = (
			);
			dependencies = (
				986F24BF2E9F4A8C00547CBA /* PBXTargetDependency */,
			);
			fileSystemSynchronizedGroups = (
				986F24C02E9F4A8C00547CBA /* HandDetectionToucAppUITests */,
			);
			name = HandDetectionToucAppUITests;
			packageProductDependencies = (
			);
			productName = HandDetectionToucAppUITests;
			productReference = 986F24BD2E9F4A8C00547CBA /* HandDetectionToucAppUITests.xctest */;
			productType = "com.apple.product-type.bundle.ui-testing";
		};
/* End PBXNativeTarget section */

/* Begin PBXProject section */
		986F249E2E9F4A8B00547CBA /* Project object */ = {
			isa = PBXProject;
			attributes = {
				BuildIndependentTargetsInParallel = 1;
				LastSwiftUpdateCheck = 2600;
				LastUpgradeCheck = 2600;
				TargetAttributes = {
					986F24A52E9F4A8B00547CBA = {
						CreatedOnToolsVersion = 26.0.1;
					};
					986F24B22E9F4A8C00547CBA = {
						CreatedOnToolsVersion = 26.0.1;
						TestTargetID = 986F24A52E9F4A8B00547CBA;
					};
					986F24BC2E9F4A8C00547CBA = {
						CreatedOnToolsVersion = 26.0.1;
						TestTargetID = 986F24A52E9F4A8B00547CBA;
					};
				};
			};
			buildConfigurationList = 986F24A12E9F4A8B00547CBA /* Build configuration list for PBXProject "HandDetectionToucApp" */;
			developmentRegion = en;
			hasScannedForEncodings = 0;
			knownRegions = (
				en,
				Base,
			);
			mainGroup = 986F249D2E9F4A8B00547CBA;
			minimizedProjectReferenceProxies = 1;
			preferredProjectObjectVersion = 77;
			productRefGroup = 986F24A72E9F4A8B00547CBA /* Products */;
			projectDirPath = "";
			projectRoot = "";
			targets = (
				986F24A52E9F4A8B00547CBA /* HandDetectionToucApp */,
				986F24B22E9F4A8C00547CBA /* HandDetectionToucAppTests */,
				986F24BC2E9F4A8C00547CBA /* HandDetectionToucAppUITests */,
			);
		};
/* End PBXProject section */

/* Begin PBXResourcesBuildPhase section */
		986F24A42E9F4A8B00547CBA /* Resources */ = {
			isa = PBXResourcesBuildPhase;
			buildActionMask = 2147483647;
			files = (
			);
			runOnlyForDeploymentPostprocessing = 0;
		};
		986F24B12E9F4A8C00547CBA /* Resources */ = {
			isa = PBXResourcesBuildPhase;
			buildActionMask = 2147483647;
			files = (
			);
			runOnlyForDeploymentPostprocessing = 0;
		};
		986F24BB2E9F4A8C00547CBA /* Resources */ = {
			isa = PBXResourcesBuildPhase;
			buildActionMask = 2147483647;
			files = (
			);
			runOnlyForDeploymentPostprocessing = 0;
		};
/* End PBXResourcesBuildPhase section */

/* Begin PBXSourcesBuildPhase section */
		986F24A22E9F4A8B00547CBA /* Sources */ = {
			isa = PBXSourcesBuildPhase;
			buildActionMask = 2147483647;
			files = (
			);
			runOnlyForDeploymentPostprocessing = 0;
		};
		986F24AF2E9F4A8C00547CBA /* Sources */ = {
			isa = PBXSourcesBuildPhase;
			buildActionMask = 2147483647;
			files = (
			);
			runOnlyForDeploymentPostprocessing = 0;
		};
		986F24B92E9F4A8C00547CBA /* Sources */ = {
			isa = PBXSourcesBuildPhase;
			buildActionMask = 2147483647;
			files = (
			);
			runOnlyForDeploymentPostprocessing = 0;
		};
/* End PBXSourcesBuildPhase section */

/* Begin PBXTargetDependency section */
		986F24B52E9F4A8C00547CBA /* PBXTargetDependency */ = {
			isa = PBXTargetDependency;
			target = 986F24A52E9F4A8B00547CBA /* HandDetectionToucApp */;
			targetProxy = 986F24B42E9F4A8C00547CBA /* PBXContainerItemProxy */;
		};
		986F24BF2E9F4A8C00547CBA /* PBXTargetDependency */ = {
			isa = PBXTargetDependency;
			target = 986F24A52E9F4A8B00547CBA /* HandDetectionToucApp */;
			targetProxy = 986F24BE2E9F4A8C00547CBA /* PBXContainerItemProxy */;
		};
/* End PBXTargetDependency section */

/* Begin XCBuildConfiguration section */
		986F24C52E9F4A8C00547CBA /* Debug */ = {
			isa = XCBuildConfiguration;
			buildSettings = {
				ALWAYS_SEARCH_USER_PATHS = NO;
				ASSETCATALOG_COMPILER_GENERATE_SWIFT_ASSET_SYMBOL_EXTENSIONS = YES;
				CLANG_ANALYZER_NONNULL = YES;
				CLANG_ANALYZER_NUMBER_OBJECT_CONVERSION = YES_AGGRESSIVE;
				CLANG_CXX_LANGUAGE_STANDARD = "gnu++20";
				CLANG_ENABLE_MODULES = YES;
				CLANG_ENABLE_OBJC_ARC = YES;
				CLANG_ENABLE_OBJC_WEAK = YES;
				CLANG_WARN_BLOCK_CAPTURE_AUTORELEASING = YES;
				CLANG_WARN_BOOL_CONVERSION = YES;
				CLANG_WARN_COMMA = YES;
				CLANG_WARN_CONSTANT_CONVERSION = YES;
				CLANG_WARN_DEPRECATED_OBJC_IMPLEMENTATIONS = YES;
				CLANG_WARN_DIRECT_OBJC_ISA_USAGE = YES_ERROR;
				CLANG_WARN_DOCUMENTATION_COMMENTS = YES;
				CLANG_WARN_EMPTY_BODY = YES;
				CLANG_WARN_ENUM_CONVERSION = YES;
				CLANG_WARN_INFINITE_RECURSION = YES;
				CLANG_WARN_INT_CONVERSION = YES;
				CLANG_WARN_NON_LITERAL_NULL_CONVERSION = YES;
				CLANG_WARN_OBJC_IMPLICIT_RETAIN_SELF = YES;
				CLANG_WARN_OBJC_LITERAL_CONVERSION = YES;
				CLANG_WARN_OBJC_ROOT_CLASS = YES_ERROR;
				CLANG_WARN_QUOTED_INCLUDE_IN_FRAMEWORK_HEADER = YES;
				CLANG_WARN_RANGE_LOOP_ANALYSIS = YES;
				CLANG_WARN_STRICT_PROTOTYPES = YES;
				CLANG_WARN_SUSPICIOUS_MOVE = YES;
				CLANG_WARN_UNGUARDED_AVAILABILITY = YES_AGGRESSIVE;
				CLANG_WARN_UNREACHABLE_CODE = YES;
				CLANG_WARN__DUPLICATE_METHOD_MATCH = YES;
				COPY_PHASE_STRIP = NO;
				DEBUG_INFORMATION_FORMAT = dwarf;
				DEVELOPMENT_TEAM = G985WR89G4;
				ENABLE_STRICT_OBJC_MSGSEND = YES;
				ENABLE_TESTABILITY = YES;
				ENABLE_USER_SCRIPT_SANDBOXING = YES;
				GCC_C_LANGUAGE_STANDARD = gnu17;
				GCC_DYNAMIC_NO_PIC = NO;
				GCC_NO_COMMON_BLOCKS = YES;
				GCC_OPTIMIZATION_LEVEL = 0;
				GCC_PREPROCESSOR_DEFINITIONS = (
					"DEBUG=1",
					"$(inherited)",
				);
				GCC_WARN_64_TO_32_BIT_CONVERSION = YES;
				GCC_WARN_ABOUT_RETURN_TYPE = YES_ERROR;
				GCC_WARN_UNDECLARED_SELECTOR = YES;
				GCC_WARN_UNINITIALIZED_AUTOS = YES_AGGRESSIVE;
				GCC_WARN_UNUSED_FUNCTION = YES;
				GCC_WARN_UNUSED_VARIABLE = YES;
				IPHONEOS_DEPLOYMENT_TARGET = 26.0;
				LOCALIZATION_PREFERS_STRING_CATALOGS = YES;
				MTL_ENABLE_DEBUG_INFO = INCLUDE_SOURCE;
				MTL_FAST_MATH = YES;
				ONLY_ACTIVE_ARCH = YES;
				SDKROOT = iphoneos;
				SWIFT_ACTIVE_COMPILATION_CONDITIONS = "DEBUG $(inherited)";
				SWIFT_OPTIMIZATION_LEVEL = "-Onone";
			};
			name = Debug;
		};
		986F24C62E9F4A8C00547CBA /* Release */ = {
			isa = XCBuildConfiguration;
			buildSettings = {
				ALWAYS_SEARCH_USER_PATHS = NO;
				ASSETCATALOG_COMPILER_GENERATE_SWIFT_ASSET_SYMBOL_EXTENSIONS = YES;
				CLANG_ANALYZER_NONNULL = YES;
				CLANG_ANALYZER_NUMBER_OBJECT_CONVERSION = YES_AGGRESSIVE;
				CLANG_CXX_LANGUAGE_STANDARD = "gnu++20";
				CLANG_ENABLE_MODULES = YES;
				CLANG_ENABLE_OBJC_ARC = YES;
				CLANG_ENABLE_OBJC_WEAK = YES;
				CLANG_WARN_BLOCK_CAPTURE_AUTORELEASING = YES;
				CLANG_WARN_BOOL_CONVERSION = YES;
				CLANG_WARN_COMMA = YES;
				CLANG_WARN_CONSTANT_CONVERSION = YES;
				CLANG_WARN_DEPRECATED_OBJC_IMPLEMENTATIONS = YES;
				CLANG_WARN_DIRECT_OBJC_ISA_USAGE = YES_ERROR;
				CLANG_WARN_DOCUMENTATION_COMMENTS = YES;
				CLANG_WARN_EMPTY_BODY = YES;
				CLANG_WARN_ENUM_CONVERSION = YES;
				CLANG_WARN_INFINITE_RECURSION = YES;
				CLANG_WARN_INT_CONVERSION = YES;
				CLANG_WARN_NON_LITERAL_NULL_CONVERSION = YES;
				CLANG_WARN_OBJC_IMPLICIT_RETAIN_SELF = YES;
				CLANG_WARN_OBJC_LITERAL_CONVERSION = YES;
				CLANG_WARN_OBJC_ROOT_CLASS = YES_ERROR;
				CLANG_WARN_QUOTED_INCLUDE_IN_FRAMEWORK_HEADER = YES;
				CLANG_WARN_RANGE_LOOP_ANALYSIS = YES;
				CLANG_WARN_STRICT_PROTOTYPES = YES;
				CLANG_WARN_SUSPICIOUS_MOVE = YES;
				CLANG_WARN_UNGUARDED_AVAILABILITY = YES_AGGRESSIVE;
				CLANG_WARN_UNREACHABLE_CODE = YES;
				CLANG_WARN__DUPLICATE_METHOD_MATCH = YES;
				COPY_PHASE_STRIP = NO;
				DEBUG_INFORMATION_FORMAT = "dwarf-with-dsym";
				DEVELOPMENT_TEAM = G985WR89G4;
				ENABLE_NS_ASSERTIONS = NO;
				ENABLE_STRICT_OBJC_MSGSEND = YES;
				ENABLE_USER_SCRIPT_SANDBOXING = YES;
				GCC_C_LANGUAGE_STANDARD = gnu17;
				GCC_NO_COMMON_BLOCKS = YES;
				GCC_WARN_64_TO_32_BIT_CONVERSION = YES;
				GCC_WARN_ABOUT_RETURN_TYPE = YES_ERROR;
				GCC_WARN_UNDECLARED_SELECTOR = YES;
				GCC_WARN_UNINITIALIZED_AUTOS = YES_AGGRESSIVE;
				GCC_WARN_UNUSED_FUNCTION = YES;
				GCC_WARN_UNUSED_VARIABLE = YES;
				IPHONEOS_DEPLOYMENT_TARGET = 26.0;
				LOCALIZATION_PREFERS_STRING_CATALOGS = YES;
				MTL_ENABLE_DEBUG_INFO = NO;
				MTL_FAST_MATH = YES;
				SDKROOT = iphoneos;
				SWIFT_COMPILATION_MODE = wholemodule;
				VALIDATE_PRODUCT = YES;
			};
			name = Release;
		};
		986F24C82E9F4A8C00547CBA /* Debug */ = {
			isa = XCBuildConfiguration;
			buildSettings = {
				ASSETCATALOG_COMPILER_APPICON_NAME = AppIcon;
				ASSETCATALOG_COMPILER_GLOBAL_ACCENT_COLOR_NAME = AccentColor;
				CODE_SIGN_STYLE = Automatic;
				CURRENT_PROJECT_VERSION = 1;
				DEVELOPMENT_TEAM = G985WR89G4;
				ENABLE_PREVIEWS = YES;
				GENERATE_INFOPLIST_FILE = YES;
				INFOPLIST_FILE = HandDetectionToucApp/Info.plist;
				INFOPLIST_KEY_NSCameraUsageDescription = "";
				INFOPLIST_KEY_UIApplicationSceneManifest_Generation = YES;
				INFOPLIST_KEY_UIApplicationSupportsIndirectInputEvents = YES;
				INFOPLIST_KEY_UILaunchScreen_Generation = YES;
				INFOPLIST_KEY_UISupportedInterfaceOrientations_iPad = "UIInterfaceOrientationPortrait UIInterfaceOrientationPortraitUpsideDown UIInterfaceOrientationLandscapeLeft UIInterfaceOrientationLandscapeRight";
				INFOPLIST_KEY_UISupportedInterfaceOrientations_iPhone = "UIInterfaceOrientationPortrait UIInterfaceOrientationLandscapeLeft UIInterfaceOrientationLandscapeRight";
				LD_RUNPATH_SEARCH_PATHS = (
					"$(inherited)",
					"@executable_path/Frameworks",
				);
				MARKETING_VERSION = 1.0;
				PRODUCT_BUNDLE_IDENTIFIER = com.codeWithMario.HandDetectionToucApp;
				PRODUCT_NAME = "$(TARGET_NAME)";
				STRING_CATALOG_GENERATE_SYMBOLS = YES;
				SWIFT_APPROACHABLE_CONCURRENCY = YES;
				SWIFT_DEFAULT_ACTOR_ISOLATION = MainActor;
				SWIFT_EMIT_LOC_STRINGS = YES;
				SWIFT_UPCOMING_FEATURE_MEMBER_IMPORT_VISIBILITY = YES;
				SWIFT_VERSION = 5.0;
				TARGETED_DEVICE_FAMILY = "1,2";
			};
			name = Debug;
		};
		986F24C92E9F4A8C00547CBA /* Release */ = {
			isa = XCBuildConfiguration;
			buildSettings = {
				ASSETCATALOG_COMPILER_APPICON_NAME = AppIcon;
				ASSETCATALOG_COMPILER_GLOBAL_ACCENT_COLOR_NAME = AccentColor;
				CODE_SIGN_STYLE = Automatic;
				CURRENT_PROJECT_VERSION = 1;
				DEVELOPMENT_TEAM = G985WR89G4;
				ENABLE_PREVIEWS = YES;
				GENERATE_INFOPLIST_FILE = YES;
				INFOPLIST_FILE = HandDetectionToucApp/Info.plist;
				INFOPLIST_KEY_NSCameraUsageDescription = "";
				INFOPLIST_KEY_UIApplicationSceneManifest_Generation = YES;
				INFOPLIST_KEY_UIApplicationSupportsIndirectInputEvents = YES;
				INFOPLIST_KEY_UILaunchScreen_Generation = YES;
				INFOPLIST_KEY_UISupportedInterfaceOrientations_iPad = "UIInterfaceOrientationPortrait UIInterfaceOrientationPortraitUpsideDown UIInterfaceOrientationLandscapeLeft UIInterfaceOrientationLandscapeRight";
				INFOPLIST_KEY_UISupportedInterfaceOrientations_iPhone = "UIInterfaceOrientationPortrait UIInterfaceOrientationLandscapeLeft UIInterfaceOrientationLandscapeRight";
				LD_RUNPATH_SEARCH_PATHS = (
					"$(inherited)",
					"@executable_path/Frameworks",
				);
				MARKETING_VERSION = 1.0;
				PRODUCT_BUNDLE_IDENTIFIER = com.codeWithMario.HandDetectionToucApp;
				PRODUCT_NAME = "$(TARGET_NAME)";
				STRING_CATALOG_GENERATE_SYMBOLS = YES;
				SWIFT_APPROACHABLE_CONCURRENCY = YES;
				SWIFT_DEFAULT_ACTOR_ISOLATION = MainActor;
				SWIFT_EMIT_LOC_STRINGS = YES;
				SWIFT_UPCOMING_FEATURE_MEMBER_IMPORT_VISIBILITY = YES;
				SWIFT_VERSION = 5.0;
				TARGETED_DEVICE_FAMILY = "1,2";
			};
			name = Release;
		};
		986F24CB2E9F4A8C00547CBA /* Debug */ = {
			isa = XCBuildConfiguration;
			buildSettings = {
				BUNDLE_LOADER = "$(TEST_HOST)";
				CODE_SIGN_STYLE = Automatic;
				CURRENT_PROJECT_VERSION = 1;
				DEVELOPMENT_TEAM = G985WR89G4;
				GENERATE_INFOPLIST_FILE = YES;
				IPHONEOS_DEPLOYMENT_TARGET = 26.0;
				MARKETING_VERSION = 1.0;
				PRODUCT_BUNDLE_IDENTIFIER = com.codeWithMario.HandDetectionToucAppTests;
				PRODUCT_NAME = "$(TARGET_NAME)";
				STRING_CATALOG_GENERATE_SYMBOLS = NO;
				SWIFT_APPROACHABLE_CONCURRENCY = YES;
				SWIFT_EMIT_LOC_STRINGS = NO;
				SWIFT_UPCOMING_FEATURE_MEMBER_IMPORT_VISIBILITY = YES;
				SWIFT_VERSION = 5.0;
				TARGETED_DEVICE_FAMILY = "1,2";
				TEST_HOST = "$(BUILT_PRODUCTS_DIR)/HandDetectionToucApp.app/$(BUNDLE_EXECUTABLE_FOLDER_PATH)/HandDetectionToucApp";
			};
			name = Debug;
		};
		986F24CC2E9F4A8C00547CBA /* Release */ = {
			isa = XCBuildConfiguration;
			buildSettings = {
				BUNDLE_LOADER = "$(TEST_HOST)";
				CODE_SIGN_STYLE = Automatic;
				CURRENT_PROJECT_VERSION = 1;
				DEVELOPMENT_TEAM = G985WR89G4;
				GENERATE_INFOPLIST_FILE = YES;
				IPHONEOS_DEPLOYMENT_TARGET = 26.0;
				MARKETING_VERSION = 1.0;
				PRODUCT_BUNDLE_IDENTIFIER = com.codeWithMario.HandDetectionToucAppTests;
				PRODUCT_NAME = "$(TARGET_NAME)";
				STRING_CATALOG_GENERATE_SYMBOLS = NO;
				SWIFT_APPROACHABLE_CONCURRENCY = YES;
				SWIFT_EMIT_LOC_STRINGS = NO;
				SWIFT_UPCOMING_FEATURE_MEMBER_IMPORT_VISIBILITY = YES;
				SWIFT_VERSION = 5.0;
				TARGETED_DEVICE_FAMILY = "1,2";
				TEST_HOST = "$(BUILT_PRODUCTS_DIR)/HandDetectionToucApp.app/$(BUNDLE_EXECUTABLE_FOLDER_PATH)/HandDetectionToucApp";
			};
			name = Release;
		};
		986F24CE2E9F4A8C00547CBA /* Debug */ = {
			isa = XCBuildConfiguration;
			buildSettings = {
				CODE_SIGN_STYLE = Automatic;
				CURRENT_PROJECT_VERSION = 1;
				DEVELOPMENT_TEAM = G985WR89G4;
				GENERATE_INFOPLIST_FILE = YES;
				MARKETING_VERSION = 1.0;
				PRODUCT_BUNDLE_IDENTIFIER = com.codeWithMario.HandDetectionToucAppUITests;
				PRODUCT_NAME = "$(TARGET_NAME)";
				STRING_CATALOG_GENERATE_SYMBOLS = NO;
				SWIFT_APPROACHABLE_CONCURRENCY = YES;
				SWIFT_EMIT_LOC_STRINGS = NO;
				SWIFT_UPCOMING_FEATURE_MEMBER_IMPORT_VISIBILITY = YES;
				SWIFT_VERSION = 5.0;
				TARGETED_DEVICE_FAMILY = "1,2";
				TEST_TARGET_NAME = HandDetectionToucApp;
			};
			name = Debug;
		};
		986F24CF2E9F4A8C00547CBA /* Release */ = {
			isa = XCBuildConfiguration;
			buildSettings = {
				CODE_SIGN_STYLE = Automatic;
				CURRENT_PROJECT_VERSION = 1;
				DEVELOPMENT_TEAM = G985WR89G4;
				GENERATE_INFOPLIST_FILE = YES;
				MARKETING_VERSION = 1.0;
				PRODUCT_BUNDLE_IDENTIFIER = com.codeWithMario.HandDetectionToucAppUITests;
				PRODUCT_NAME = "$(TARGET_NAME)";
				STRING_CATALOG_GENERATE_SYMBOLS = NO;
				SWIFT_APPROACHABLE_CONCURRENCY = YES;
				SWIFT_EMIT_LOC_STRINGS = NO;
				SWIFT_UPCOMING_FEATURE_MEMBER_IMPORT_VISIBILITY = YES;
				SWIFT_VERSION = 5.0;
				TARGETED_DEVICE_FAMILY = "1,2";
				TEST_TARGET_NAME = HandDetectionToucApp;
			};
			name = Release;
		};
/* End XCBuildConfiguration section */

/* Begin XCConfigurationList section */
		986F24A12E9F4A8B00547CBA /* Build configuration list for PBXProject "HandDetectionToucApp" */ = {
			isa = XCConfigurationList;
			buildConfigurations = (
				986F24C52E9F4A8C00547CBA /* Debug */,
				986F24C62E9F4A8C00547CBA /* Release */,
			);
			defaultConfigurationIsVisible = 0;
			defaultConfigurationName = Release;
		};
		986F24C72E9F4A8C00547CBA /* Build configuration list for PBXNativeTarget "HandDetectionToucApp" */ = {
			isa = XCConfigurationList;
			buildConfigurations = (
				986F24C82E9F4A8C00547CBA /* Debug */,
				986F24C92E9F4A8C00547CBA /* Release */,
			);
			defaultConfigurationIsVisible = 0;
			defaultConfigurationName = Release;
		};
		986F24CA2E9F4A8C00547CBA /* Build configuration list for PBXNativeTarget "HandDetectionToucAppTests" */ = {
			isa = XCConfigurationList;
			buildConfigurations = (
				986F24CB2E9F4A8C00547CBA /* Debug */,
				986F24CC2E9F4A8C00547CBA /* Release */,
			);
			defaultConfigurationIsVisible = 0;
			defaultConfigurationName = Release;
		};
		986F24CD2E9F4A8C00547CBA /* Build configuration list for PBXNativeTarget "HandDetectionToucAppUITests" */ = {
			isa = XCConfigurationList;
			buildConfigurations = (
				986F24CE2E9F4A8C00547CBA /* Debug */,
				986F24CF2E9F4A8C00547CBA /* Release */,
			);
			defaultConfigurationIsVisible = 0;
			defaultConfigurationName = Release;
		};
/* End XCConfigurationList section */
	};
	rootObject = 986F249E2E9F4A8B00547CBA /* Project object */;
}
